
Microsoft Visual Studio Solution File, Format Version 12.00
# Visual Studio Version 16
VisualStudioVersion = 16.0.29519.181
MinimumVisualStudioVersion = 10.0.40219.1
Project("{FAE04EC0-301F-11D3-BF4B-00C04F79EFBC}") = "railway", "railway.csproj", "{CEB88505-2164-40B3-94E0-62F57886FE69}"
EndProject
Global
	GlobalSection(SolutionConfigurationPlatforms) = preSolution
		Debug|Any CPU = Debug|Any CPU
		Release|Any CPU = Release|Any CPU
	EndGlobalSection
	GlobalSection(ProjectConfigurationPlatforms) = postSolution
		{CEB88505-2164-40B3-94E0-62F57886FE69}.Debug|Any CPU.ActiveCfg = Debug|Any CPU
		{CEB88505-2164-40B3-94E0-62F57886FE69}.Debug|Any CPU.Build.0 = Debug|Any CPU
		{CEB88505-2164-40B3-94E0-62F57886FE69}.Release|Any CPU.ActiveCfg = Release|Any CPU
		{CEB88505-2164-40B3-94E0-62F57886FE69}.Release|Any CPU.Build.0 = Release|Any CPU
	EndGlobalSection
	GlobalSection(SolutionProperties) = preSolution
		HideSolutionNode = FALSE
	EndGlobalSection
	GlobalSection(ExtensibilityGlobals) = postSolution
		SolutionGuid = {2E5F58C0-ED7A-4713-8824-7908325A7E11}
	EndGlobalSection
EndGlobal
